
Microsoft Visual Studio Solution File, Format Version 12.00
# Visual Studio Version 16
VisualStudioVersion = 16.0.31702.278
MinimumVisualStudioVersion = 10.0.40219.1
Project("{FAE04EC0-301F-11D3-BF4B-00C04F79EFBC}") = "GCCarDealershipAPI", "GCCarDealershipAPI\GCCarDealershipAPI.csproj", "{8AF01B50-0F56-434C-A11F-F401D34AA930}"
EndProject
Global
	GlobalSection(SolutionConfigurationPlatforms) = preSolution
		Debug|Any CPU = Debug|Any CPU
		Release|Any CPU = Release|Any CPU
	EndGlobalSection
	GlobalSection(ProjectConfigurationPlatforms) = postSolution
		{8AF01B50-0F56-434C-A11F-F401D34AA930}.Debug|Any CPU.ActiveCfg = Debug|Any CPU
		{8AF01B50-0F56-434C-A11F-F401D34AA930}.Debug|Any CPU.Build.0 = Debug|Any CPU
		{8AF01B50-0F56-434C-A11F-F401D34AA930}.Release|Any CPU.ActiveCfg = Release|Any CPU
		{8AF01B50-0F56-434C-A11F-F401D34AA930}.Release|Any CPU.Build.0 = Release|Any CPU
	EndGlobalSection
	GlobalSection(SolutionProperties) = preSolution
		HideSolutionNode = FALSE
	EndGlobalSection
	GlobalSection(ExtensibilityGlobals) = postSolution
		SolutionGuid = {3DABEBA1-CC7D-4A1D-AB36-EA26E1E537E1}
	EndGlobalSection
EndGlobal
